chandrakanth_maddana@cloudshell:~/test_post/postgre_tf_script/postgre-sql (devtools-317213)$ terraform apply

Terraform used the selected providers to generate the following execution plan. Resource actions are indicated with the following symbols:
  + create

Terraform will perform the following actions:

  # module.postgresql-db.google_sql_database.default[0] will be created
  + resource "google_sql_database" "default" {
      + collation = (known after apply)
      + id        = (known after apply)
      + instance  = (known after apply)
      + name      = "test-db-00"
      + project   = "devtools-317213"
      + self_link = (known after apply)
    }

  # module.postgresql-db.google_sql_database_instance.default will be created
  + resource "google_sql_database_instance" "default" {
      + connection_name               = (known after apply)
      + database_version              = "POSTGRES_9_6"
      + deletion_protection           = false
      + encryption_key_name           = (known after apply)
      + first_ip_address              = (known after apply)
      + id                            = (known after apply)
      + ip_address                    = (known after apply)
      + master_instance_name          = (known after apply)
      + name                          = (known after apply)
      + private_ip_address            = (known after apply)
      + project                       = "devtools-317213"
      + public_ip_address             = (known after apply)
      + region                        = "us-central1"
      + self_link                     = (known after apply)
      + server_ca_cert                = (known after apply)
      + service_account_email_address = (known after apply)

      + replica_configuration {
          + ca_certificate            = (known after apply)
          + client_certificate        = (known after apply)
          + client_key                = (known after apply)
          + connect_retry_interval    = (known after apply)
          + dump_file_path            = (known after apply)
          + failover_target           = (known after apply)
          + master_heartbeat_period   = (known after apply)
          + password                  = (sensitive value)
          + ssl_cipher                = (known after apply)
          + username                  = (known after apply)
          + verify_server_certificate = (known after apply)
        }

      + settings {
          + activation_policy           = "ALWAYS"
          + authorized_gae_applications = (known after apply)
          + availability_type           = "ZONAL"
          + crash_safe_replication      = (known after apply)
          + disk_autoresize             = true
          + disk_autoresize_limit       = 0
          + disk_size                   = 10
          + disk_type                   = "PD_SSD"
          + pricing_plan                = "PER_USE"
          + replication_type            = (known after apply)
          + tier                        = "db-f1-micro"
          + user_labels                 = (known after apply)
          + version                     = (known after apply)

          + backup_configuration {
              + binary_log_enabled             = false
              + enabled                        = false
              + point_in_time_recovery_enabled = false
              + start_time                     = (known after apply)
              + transaction_log_retention_days = (known after apply)

              + backup_retention_settings {
                  + retained_backups = (known after apply)
                  + retention_unit   = (known after apply)
                }
            }

          + ip_configuration {
              + ipv4_enabled    = false
              + private_network = "projects/devtools-317213/global/networks/test-postgre-connection"
              + require_ssl     = true
            }

          + location_preference {
              + zone = "us-central1-c"
            }

          + maintenance_window {
              + day          = 1
              + hour         = 23
              + update_track = "canary"
            }
        }

      + timeouts {
          + create = "15m"
          + delete = "15m"
          + update = "15m"
        }
    }

  # module.postgresql-db.google_sql_user.default[0] will be created
  + resource "google_sql_user" "default" {
      + host     = (known after apply)
      + id       = (known after apply)
      + instance = (known after apply)
      + name     = "mandi"
      + password = (sensitive value)
      + project  = "devtools-317213"
    }

  # module.postgresql-db.null_resource.module_depends_on will be created
  + resource "null_resource" "module_depends_on" {
      + id       = (known after apply)
      + triggers = {
          + "value" = "0"
        }
    }

  # module.postgresql-db.random_id.suffix[0] will be created
  + resource "random_id" "suffix" {
      + b64_std     = (known after apply)
      + b64_url     = (known after apply)
      + byte_length = 4
      + dec         = (known after apply)
      + hex         = (known after apply)
      + id          = (known after apply)
    }

  # module.postgresql-db.random_id.user-password will be created
  + resource "random_id" "user-password" {
      + b64_std     = (known after apply)
      + b64_url     = (known after apply)
      + byte_length = 8
      + dec         = (known after apply)
      + hex         = (known after apply)
      + id          = (known after apply)
      + keepers     = (known after apply)
    }

Plan: 6 to add, 0 to change, 0 to destroy.

Do you want to perform these actions?
  Terraform will perform the actions described above.
  Only 'yes' will be accepted to approve.

  Enter a value: yes

module.postgresql-db.null_resource.module_depends_on: Creating...
module.postgresql-db.null_resource.module_depends_on: Creation complete after 0s [id=832127970253744218]
module.postgresql-db.random_id.suffix[0]: Creating...
module.postgresql-db.random_id.suffix[0]: Creation complete after 0s [id=SH8laQ]
module.postgresql-db.google_sql_database_instance.default: Creating...
module.postgresql-db.google_sql_database_instance.default: Still creating... [10s elapsed]
module.postgresql-db.google_sql_database_instance.default: Still creating... [20s elapsed]
module.postgresql-db.google_sql_database_instance.default: Still creating... [30s elapsed]
module.postgresql-db.google_sql_database_instance.default: Still creating... [40s elapsed]
module.postgresql-db.google_sql_database_instance.default: Still creating... [50s elapsed]
module.postgresql-db.google_sql_database_instance.default: Still creating... [1m0s elapsed]
module.postgresql-db.google_sql_database_instance.default: Still creating... [1m10s elapsed]
module.postgresql-db.google_sql_database_instance.default: Still creating... [1m20s elapsed]
module.postgresql-db.google_sql_database_instance.default: Still creating... [1m30s elapsed]
module.postgresql-db.google_sql_database_instance.default: Still creating... [1m40s elapsed]
module.postgresql-db.google_sql_database_instance.default: Still creating... [1m50s elapsed]
module.postgresql-db.google_sql_database_instance.default: Still creating... [2m0s elapsed]
module.postgresql-db.google_sql_database_instance.default: Still creating... [2m10s elapsed]
module.postgresql-db.google_sql_database_instance.default: Still creating... [2m20s elapsed]
module.postgresql-db.google_sql_database_instance.default: Still creating... [2m30s elapsed]
module.postgresql-db.google_sql_database_instance.default: Still creating... [2m40s elapsed]
module.postgresql-db.google_sql_database_instance.default: Still creating... [2m50s elapsed]
module.postgresql-db.google_sql_database_instance.default: Still creating... [3m0s elapsed]
module.postgresql-db.google_sql_database_instance.default: Still creating... [3m10s elapsed]
module.postgresql-db.google_sql_database_instance.default: Still creating... [3m20s elapsed]
module.postgresql-db.google_sql_database_instance.default: Still creating... [3m30s elapsed]
module.postgresql-db.google_sql_database_instance.default: Still creating... [3m40s elapsed]
module.postgresql-db.google_sql_database_instance.default: Still creating... [3m50s elapsed]
module.postgresql-db.google_sql_database_instance.default: Still creating... [4m0s elapsed]
module.postgresql-db.google_sql_database_instance.default: Still creating... [4m10s elapsed]
module.postgresql-db.google_sql_database_instance.default: Still creating... [4m20s elapsed]
module.postgresql-db.google_sql_database_instance.default: Still creating... [4m30s elapsed]
module.postgresql-db.google_sql_database_instance.default: Still creating... [4m40s elapsed]
module.postgresql-db.google_sql_database_instance.default: Still creating... [4m50s elapsed]
module.postgresql-db.google_sql_database_instance.default: Still creating... [5m0s elapsed]
module.postgresql-db.google_sql_database_instance.default: Still creating... [5m10s elapsed]
module.postgresql-db.google_sql_database_instance.default: Still creating... [5m20s elapsed]
module.postgresql-db.google_sql_database_instance.default: Still creating... [5m30s elapsed]
module.postgresql-db.google_sql_database_instance.default: Still creating... [5m40s elapsed]
module.postgresql-db.google_sql_database_instance.default: Still creating... [5m50s elapsed]
module.postgresql-db.google_sql_database_instance.default: Still creating... [6m0s elapsed]
module.postgresql-db.google_sql_database_instance.default: Still creating... [6m10s elapsed]
module.postgresql-db.google_sql_database_instance.default: Still creating... [6m20s elapsed]
module.postgresql-db.google_sql_database_instance.default: Still creating... [6m30s elapsed]
module.postgresql-db.google_sql_database_instance.default: Still creating... [6m40s elapsed]
module.postgresql-db.google_sql_database_instance.default: Still creating... [6m50s elapsed]
module.postgresql-db.google_sql_database_instance.default: Still creating... [7m0s elapsed]
module.postgresql-db.google_sql_database_instance.default: Still creating... [7m10s elapsed]
module.postgresql-db.google_sql_database_instance.default: Still creating... [7m20s elapsed]
module.postgresql-db.google_sql_database_instance.default: Still creating... [7m30s elapsed]
module.postgresql-db.google_sql_database_instance.default: Still creating... [7m40s elapsed]
module.postgresql-db.google_sql_database_instance.default: Still creating... [7m50s elapsed]
module.postgresql-db.google_sql_database_instance.default: Still creating... [8m0s elapsed]
module.postgresql-db.google_sql_database_instance.default: Still creating... [8m10s elapsed]
module.postgresql-db.google_sql_database_instance.default: Still creating... [8m20s elapsed]
module.postgresql-db.google_sql_database_instance.default: Still creating... [8m30s elapsed]
module.postgresql-db.google_sql_database_instance.default: Still creating... [8m40s elapsed]
module.postgresql-db.google_sql_database_instance.default: Still creating... [8m50s elapsed]
module.postgresql-db.google_sql_database_instance.default: Still creating... [9m0s elapsed]
module.postgresql-db.google_sql_database_instance.default: Still creating... [9m10s elapsed]
module.postgresql-db.google_sql_database_instance.default: Still creating... [9m20s elapsed]
module.postgresql-db.google_sql_database_instance.default: Still creating... [9m30s elapsed]
module.postgresql-db.google_sql_database_instance.default: Still creating... [9m40s elapsed]
module.postgresql-db.google_sql_database_instance.default: Still creating... [9m50s elapsed]
module.postgresql-db.google_sql_database_instance.default: Still creating... [10m0s elapsed]
module.postgresql-db.google_sql_database_instance.default: Still creating... [10m10s elapsed]
module.postgresql-db.google_sql_database_instance.default: Still creating... [10m20s elapsed]
module.postgresql-db.google_sql_database_instance.default: Still creating... [10m30s elapsed]
module.postgresql-db.google_sql_database_instance.default: Still creating... [10m40s elapsed]
module.postgresql-db.google_sql_database_instance.default: Still creating... [10m50s elapsed]
module.postgresql-db.google_sql_database_instance.default: Creation complete after 10m55s [id=test-postgre-00-487f2569]
module.postgresql-db.random_id.user-password: Creating...
module.postgresql-db.google_sql_database.default[0]: Creating...
module.postgresql-db.random_id.user-password: Creation complete after 0s [id=oT35dQmuPLc]
module.postgresql-db.google_sql_user.default[0]: Creating...
module.postgresql-db.google_sql_database.default[0]: Creation complete after 6s [id=projects/devtools-317213/instances/test-postgre-00-487f2569/databases/test-db-00]
module.postgresql-db.google_sql_user.default[0]: Still creating... [10s elapsed]
module.postgresql-db.google_sql_user.default[0]: Creation complete after 12s [id=mandi//test-postgre-00-487f2569]

Apply complete! Resources: 6 added, 0 changed, 0 destroyed.